// !$*UTF8*$!
{
	archiveVersion = 1;
	classes = {
	};
	objectVersion = 56;
	objects = {

/* Begin PBXBuildFile section */
		6058A5AC2B85301100D8A2BE /* Push_Notifications_DemoApp.swift in Sources */ = {isa = PBXBuildFile; fileRef = 6058A5AB2B85301100D8A2BE /* Push_Notifications_DemoApp.swift */; };
		6058A5B02B85301200D8A2BE /* Assets.xcassets in Resources */ = {isa = PBXBuildFile; fileRef = 6058A5AF2B85301200D8A2BE /* Assets.xcassets */; };
		6058A5B42B85301200D8A2BE /* Preview Assets.xcassets in Resources */ = {isa = PBXBuildFile; fileRef = 6058A5B32B85301200D8A2BE /* Preview Assets.xcassets */; };
		6058A5BF2B85365000D8A2BE /* AppDelegate.swift in Sources */ = {isa = PBXBuildFile; fileRef = 6058A5BE2B85365000D8A2BE /* AppDelegate.swift */; };
		6058A5C12B85367200D8A2BE /* RootViewModel.swift in Sources */ = {isa = PBXBuildFile; fileRef = 6058A5C02B85367200D8A2BE /* RootViewModel.swift */; };
		6058A5C32B8537FC00D8A2BE /* RootView.swift in Sources */ = {isa = PBXBuildFile; fileRef = 6058A5C22B8537FC00D8A2BE /* RootView.swift */; };
		60A53A282B9DBF3E00E07AD9 /* FirebaseMessaging in Frameworks */ = {isa = PBXBuildFile; productRef = 60A53A272B9DBF3E00E07AD9 /* FirebaseMessaging */; };
		60A53A2A2B9DC1E500E07AD9 /* GoogleService-Info.plist in Resources */ = {isa = PBXBuildFile; fileRef = 60A53A292B9DC1E500E07AD9 /* GoogleService-Info.plist */; };
		60C37F512B9CCB7B0060B7C7 /* UserNotifications.framework in Frameworks */ = {isa = PBXBuildFile; fileRef = 60C37F382B9CA9310060B7C7 /* UserNotifications.framework */; };
		60C37F522B9CCB7B0060B7C7 /* UserNotificationsUI.framework in Frameworks */ = {isa = PBXBuildFile; fileRef = 60C37F3A2B9CA9310060B7C7 /* UserNotificationsUI.framework */; };
		60C37F552B9CCB7B0060B7C7 /* NotificationViewController.swift in Sources */ = {isa = PBXBuildFile; fileRef = 60C37F542B9CCB7B0060B7C7 /* NotificationViewController.swift */; };
		60C37F582B9CCB7B0060B7C7 /* Base in Resources */ = {isa = PBXBuildFile; fileRef = 60C37F572B9CCB7B0060B7C7 /* Base */; };
		60C37F5C2B9CCB7B0060B7C7 /* NotificationContentExtension.appex in Embed Foundation Extensions */ = {isa = PBXBuildFile; fileRef = 60C37F502B9CCB7B0060B7C7 /* NotificationContentExtension.appex */; settings = {ATTRIBUTES = (RemoveHeadersOnCopy, ); }; };
		60C37F612B9CCD000060B7C7 /* coin.png in Resources */ = {isa = PBXBuildFile; fileRef = 60C37F602B9CCD000060B7C7 /* coin.png */; };
		60C37F692B9CD9B30060B7C7 /* NotificationService.swift in Sources */ = {isa = PBXBuildFile; fileRef = 60C37F682B9CD9B30060B7C7 /* NotificationService.swift */; };
		60C37F6D2B9CD9B30060B7C7 /* NotificationServiceExtension.appex in Embed Foundation Extensions */ = {isa = PBXBuildFile; fileRef = 60C37F662B9CD9B30060B7C7 /* NotificationServiceExtension.appex */; settings = {ATTRIBUTES = (RemoveHeadersOnCopy, ); }; };
		60F959A22B9A105A00E86103 /* coin.aiff in Resources */ = {isa = PBXBuildFile; fileRef = 60F959A12B9A105A00E86103 /* coin.aiff */; };
/* End PBXBuildFile section */

/* Begin PBXContainerItemProxy section */
		60C37F5A2B9CCB7B0060B7C7 /* PBXContainerItemProxy */ = {
			isa = PBXContainerItemProxy;
			containerPortal = 6058A5A02B85301100D8A2BE /* Project object */;
			proxyType = 1;
			remoteGlobalIDString = 60C37F4F2B9CCB7B0060B7C7;
			remoteInfo = NotificationContentExtension;
		};
		60C37F6B2B9CD9B30060B7C7 /* PBXContainerItemProxy */ = {
			isa = PBXContainerItemProxy;
			containerPortal = 6058A5A02B85301100D8A2BE /* Project object */;
			proxyType = 1;
			remoteGlobalIDString = 60C37F652B9CD9B30060B7C7;
			remoteInfo = NotificationServiceExtension;
		};
/* End PBXContainerItemProxy section */

/* Begin PBXCopyFilesBuildPhase section */
		60C37F462B9CA9310060B7C7 /* Embed Foundation Extensions */ = {
			isa = PBXCopyFilesBuildPhase;
			buildActionMask = 2147483647;
			dstPath = "";
			dstSubfolderSpec = 13;
			files = (
				60C37F5C2B9CCB7B0060B7C7 /* NotificationContentExtension.appex in Embed Foundation Extensions */,
				60C37F6D2B9CD9B30060B7C7 /* NotificationServiceExtension.appex in Embed Foundation Extensions */,
			);
			name = "Embed Foundation Extensions";
			runOnlyForDeploymentPostprocessing = 0;
		};
/* End PBXCopyFilesBuildPhase section */

/* Begin PBXFileReference section */
		6058A5A82B85301100D8A2BE /* Push Notifications Demo.app */ = {isa = PBXFileReference; explicitFileType = wrapper.application; includeInIndex = 0; path = "Push Notifications Demo.app"; sourceTree = BUILT_PRODUCTS_DIR; };
		6058A5AB2B85301100D8A2BE /* Push_Notifications_DemoApp.swift */ = {isa = PBXFileReference; lastKnownFileType = sourcecode.swift; path = Push_Notifications_DemoApp.swift; sourceTree = "<group>"; };
		6058A5AF2B85301200D8A2BE /* Assets.xcassets */ = {isa = PBXFileReference; lastKnownFileType = folder.assetcatalog; path = Assets.xcassets; sourceTree = "<group>"; };
		6058A5B12B85301200D8A2BE /* Push_Notifications_Demo.entitlements */ = {isa = PBXFileReference; lastKnownFileType = text.plist.entitlements; path = Push_Notifications_Demo.entitlements; sourceTree = "<group>"; };
		6058A5B32B85301200D8A2BE /* Preview Assets.xcassets */ = {isa = PBXFileReference; lastKnownFileType = folder.assetcatalog; path = "Preview Assets.xcassets"; sourceTree = "<group>"; };
		6058A5BE2B85365000D8A2BE /* AppDelegate.swift */ = {isa = PBXFileReference; lastKnownFileType = sourcecode.swift; path = AppDelegate.swift; sourceTree = "<group>"; };
		6058A5C02B85367200D8A2BE /* RootViewModel.swift */ = {isa = PBXFileReference; lastKnownFileType = sourcecode.swift; path = RootViewModel.swift; sourceTree = "<group>"; };
		6058A5C22B8537FC00D8A2BE /* RootView.swift */ = {isa = PBXFileReference; lastKnownFileType = sourcecode.swift; path = RootView.swift; sourceTree = "<group>"; };
		6058A5C42B865EDE00D8A2BE /* Push-Notifications-Demo-Info.plist */ = {isa = PBXFileReference; lastKnownFileType = text.plist; path = "Push-Notifications-Demo-Info.plist"; sourceTree = SOURCE_ROOT; };
		60A53A292B9DC1E500E07AD9 /* GoogleService-Info.plist */ = {isa = PBXFileReference; fileEncoding = 4; lastKnownFileType = text.plist.xml; path = "GoogleService-Info.plist"; sourceTree = "<group>"; };
		60C37F382B9CA9310060B7C7 /* UserNotifications.framework */ = {isa = PBXFileReference; lastKnownFileType = wrapper.framework; name = UserNotifications.framework; path = System/Library/Frameworks/UserNotifications.framework; sourceTree = SDKROOT; };
		60C37F3A2B9CA9310060B7C7 /* UserNotificationsUI.framework */ = {isa = PBXFileReference; lastKnownFileType = wrapper.framework; name = UserNotificationsUI.framework; path = System/Library/Frameworks/UserNotificationsUI.framework; sourceTree = SDKROOT; };
		60C37F502B9CCB7B0060B7C7 /* NotificationContentExtension.appex */ = {isa = PBXFileReference; explicitFileType = "wrapper.app-extension"; includeInIndex = 0; path = NotificationContentExtension.appex; sourceTree = BUILT_PRODUCTS_DIR; };
		60C37F542B9CCB7B0060B7C7 /* NotificationViewController.swift */ = {isa = PBXFileReference; lastKnownFileType = sourcecode.swift; path = NotificationViewController.swift; sourceTree = "<group>"; };
		60C37F572B9CCB7B0060B7C7 /* Base */ = {isa = PBXFileReference; lastKnownFileType = file.storyboard; name = Base; path = Base.lproj/MainInterface.storyboard; sourceTree = "<group>"; };
		60C37F592B9CCB7B0060B7C7 /* Info.plist */ = {isa = PBXFileReference; lastKnownFileType = text.plist.xml; path = Info.plist; sourceTree = "<group>"; };
		60C37F602B9CCD000060B7C7 /* coin.png */ = {isa = PBXFileReference; lastKnownFileType = image.png; path = coin.png; sourceTree = "<group>"; };
		60C37F662B9CD9B30060B7C7 /* NotificationServiceExtension.appex */ = {isa = PBXFileReference; explicitFileType = "wrapper.app-extension"; includeInIndex = 0; path = NotificationServiceExtension.appex; sourceTree = BUILT_PRODUCTS_DIR; };
		60C37F682B9CD9B30060B7C7 /* NotificationService.swift */ = {isa = PBXFileReference; lastKnownFileType = sourcecode.swift; path = NotificationService.swift; sourceTree = "<group>"; };
		60C37F6A2B9CD9B30060B7C7 /* Info.plist */ = {isa = PBXFileReference; lastKnownFileType = text.plist.xml; path = Info.plist; sourceTree = "<group>"; };
		60F959A12B9A105A00E86103 /* coin.aiff */ = {isa = PBXFileReference; lastKnownFileType = audio.aiff; path = coin.aiff; sourceTree = "<group>"; };
/* End PBXFileReference section */

/* Begin PBXFrameworksBuildPhase section */
		6058A5A52B85301100D8A2BE /* Frameworks */ = {
			isa = PBXFrameworksBuildPhase;
			buildActionMask = 2147483647;
			files = (
				60A53A282B9DBF3E00E07AD9 /* FirebaseMessaging in Frameworks */,
			);
			runOnlyForDeploymentPostprocessing = 0;
		};
		60C37F4D2B9CCB7B0060B7C7 /* Frameworks */ = {
			isa = PBXFrameworksBuildPhase;
			buildActionMask = 2147483647;
			files = (
				60C37F522B9CCB7B0060B7C7 /* UserNotificationsUI.framework in Frameworks */,
				60C37F512B9CCB7B0060B7C7 /* UserNotifications.framework in Frameworks */,
			);
			runOnlyForDeploymentPostprocessing = 0;
		};
		60C37F632B9CD9B30060B7C7 /* Frameworks */ = {
			isa = PBXFrameworksBuildPhase;
			buildActionMask = 2147483647;
			files = (
			);
			runOnlyForDeploymentPostprocessing = 0;
		};
/* End PBXFrameworksBuildPhase section */

/* Begin PBXGroup section */
		6058A59F2B85301100D8A2BE = {
			isa = PBXGroup;
			children = (
				6058A5AA2B85301100D8A2BE /* Push Notifications Demo */,
				60C37F532B9CCB7B0060B7C7 /* NotificationContentExtension */,
				60C37F672B9CD9B30060B7C7 /* NotificationServiceExtension */,
				60C37F372B9CA9310060B7C7 /* Frameworks */,
				6058A5A92B85301100D8A2BE /* Products */,
			);
			sourceTree = "<group>";
		};
		6058A5A92B85301100D8A2BE /* Products */ = {
			isa = PBXGroup;
			children = (
				6058A5A82B85301100D8A2BE /* Push Notifications Demo.app */,
				60C37F502B9CCB7B0060B7C7 /* NotificationContentExtension.appex */,
				60C37F662B9CD9B30060B7C7 /* NotificationServiceExtension.appex */,
			);
			name = Products;
			sourceTree = "<group>";
		};
		6058A5AA2B85301100D8A2BE /* Push Notifications Demo */ = {
			isa = PBXGroup;
			children = (
				60A53A292B9DC1E500E07AD9 /* GoogleService-Info.plist */,
				60F959A12B9A105A00E86103 /* coin.aiff */,
				6058A5C42B865EDE00D8A2BE /* Push-Notifications-Demo-Info.plist */,
				6058A5AB2B85301100D8A2BE /* Push_Notifications_DemoApp.swift */,
				6058A5BE2B85365000D8A2BE /* AppDelegate.swift */,
				6058A5C02B85367200D8A2BE /* RootViewModel.swift */,
				6058A5C22B8537FC00D8A2BE /* RootView.swift */,
				6058A5AF2B85301200D8A2BE /* Assets.xcassets */,
				6058A5B12B85301200D8A2BE /* Push_Notifications_Demo.entitlements */,
				6058A5B22B85301200D8A2BE /* Preview Content */,
			);
			path = "Push Notifications Demo";
			sourceTree = "<group>";
		};
		6058A5B22B85301200D8A2BE /* Preview Content */ = {
			isa = PBXGroup;
			children = (
				6058A5B32B85301200D8A2BE /* Preview Assets.xcassets */,
			);
			path = "Preview Content";
			sourceTree = "<group>";
		};
		60C37F372B9CA9310060B7C7 /* Frameworks */ = {
			isa = PBXGroup;
			children = (
				60C37F382B9CA9310060B7C7 /* UserNotifications.framework */,
				60C37F3A2B9CA9310060B7C7 /* UserNotificationsUI.framework */,
			);
			name = Frameworks;
			sourceTree = "<group>";
		};
		60C37F532B9CCB7B0060B7C7 /* NotificationContentExtension */ = {
			isa = PBXGroup;
			children = (
				60C37F542B9CCB7B0060B7C7 /* NotificationViewController.swift */,
				60C37F562B9CCB7B0060B7C7 /* MainInterface.storyboard */,
				60C37F592B9CCB7B0060B7C7 /* Info.plist */,
				60C37F602B9CCD000060B7C7 /* coin.png */,
			);
			path = NotificationContentExtension;
			sourceTree = "<group>";
		};
		60C37F672B9CD9B30060B7C7 /* NotificationServiceExtension */ = {
			isa = PBXGroup;
			children = (
				60C37F682B9CD9B30060B7C7 /* NotificationService.swift */,
				60C37F6A2B9CD9B30060B7C7 /* Info.plist */,
			);
			path = NotificationServiceExtension;
			sourceTree = "<group>";
		};
/* End PBXGroup section */

/* Begin PBXNativeTarget section */
		6058A5A72B85301100D8A2BE /* Push Notifications Demo */ = {
			isa = PBXNativeTarget;
			buildConfigurationList = 6058A5B72B85301200D8A2BE /* Build configuration list for PBXNativeTarget "Push Notifications Demo" */;
			buildPhases = (
				6058A5A42B85301100D8A2BE /* Sources */,
				6058A5A52B85301100D8A2BE /* Frameworks */,
				6058A5A62B85301100D8A2BE /* Resources */,
				60C37F462B9CA9310060B7C7 /* Embed Foundation Extensions */,
			);
			buildRules = (
			);
			dependencies = (
				60C37F5B2B9CCB7B0060B7C7 /* PBXTargetDependency */,
				60C37F6C2B9CD9B30060B7C7 /* PBXTargetDependency */,
			);
			name = "Push Notifications Demo";
			packageProductDependencies = (
				60A53A272B9DBF3E00E07AD9 /* FirebaseMessaging */,
			);
			productName = "Push Notifications Demo";
			productReference = 6058A5A82B85301100D8A2BE /* Push Notifications Demo.app */;
			productType = "com.apple.product-type.application";
		};
		60C37F4F2B9CCB7B0060B7C7 /* NotificationContentExtension */ = {
			isa = PBXNativeTarget;
			buildConfigurationList = 60C37F5D2B9CCB7B0060B7C7 /* Build configuration list for PBXNativeTarget "NotificationContentExtension" */;
			buildPhases = (
				60C37F4C2B9CCB7B0060B7C7 /* Sources */,
				60C37F4D2B9CCB7B0060B7C7 /* Frameworks */,
				60C37F4E2B9CCB7B0060B7C7 /* Resources */,
			);
			buildRules = (
			);
			dependencies = (
			);
			name = NotificationContentExtension;
			productName = NotificationContentExtension;
			productReference = 60C37F502B9CCB7B0060B7C7 /* NotificationContentExtension.appex */;
			productType = "com.apple.product-type.app-extension";
		};
		60C37F652B9CD9B30060B7C7 /* NotificationServiceExtension */ = {
			isa = PBXNativeTarget;
			buildConfigurationList = 60C37F6E2B9CD9B30060B7C7 /* Build configuration list for PBXNativeTarget "NotificationServiceExtension" */;
			buildPhases = (
				60C37F622B9CD9B30060B7C7 /* Sources */,
				60C37F632B9CD9B30060B7C7 /* Frameworks */,
				60C37F642B9CD9B30060B7C7 /* Resources */,
			);
			buildRules = (
			);
			dependencies = (
			);
			name = NotificationServiceExtension;
			productName = NotificationServiceExtension;
			productReference = 60C37F662B9CD9B30060B7C7 /* NotificationServiceExtension.appex */;
			productType = "com.apple.product-type.app-extension";
		};
/* End PBXNativeTarget section */

/* Begin PBXProject section */
		6058A5A02B85301100D8A2BE /* Project object */ = {
			isa = PBXProject;
			attributes = {
				BuildIndependentTargetsInParallel = 1;
				LastSwiftUpdateCheck = 1530;
				LastUpgradeCheck = 1520;
				ORGANIZATIONNAME = "Dmitrijs Beloborodovs";
				TargetAttributes = {
					6058A5A72B85301100D8A2BE = {
						CreatedOnToolsVersion = 15.2;
					};
					60C37F4F2B9CCB7B0060B7C7 = {
						CreatedOnToolsVersion = 15.3;
					};
					60C37F652B9CD9B30060B7C7 = {
						CreatedOnToolsVersion = 15.3;
					};
				};
			};
			buildConfigurationList = 6058A5A32B85301100D8A2BE /* Build configuration list for PBXProject "Push Notifications Demo" */;
			compatibilityVersion = "Xcode 14.0";
			developmentRegion = en;
			hasScannedForEncodings = 0;
			knownRegions = (
				en,
				Base,
			);
			mainGroup = 6058A59F2B85301100D8A2BE;
			packageReferences = (
				60A53A262B9DBF3E00E07AD9 /* XCRemoteSwiftPackageReference "firebase-ios-sdk" */,
			);
			productRefGroup = 6058A5A92B85301100D8A2BE /* Products */;
			projectDirPath = "";
			projectRoot = "";
			targets = (
				6058A5A72B85301100D8A2BE /* Push Notifications Demo */,
				60C37F4F2B9CCB7B0060B7C7 /* NotificationContentExtension */,
				60C37F652B9CD9B30060B7C7 /* NotificationServiceExtension */,
			);
		};
/* End PBXProject section */

/* Begin PBXResourcesBuildPhase section */
		6058A5A62B85301100D8A2BE /* Resources */ = {
			isa = PBXResourcesBuildPhase;
			buildActionMask = 2147483647;
			files = (
				60F959A22B9A105A00E86103 /* coin.aiff in Resources */,
				60A53A2A2B9DC1E500E07AD9 /* GoogleService-Info.plist in Resources */,
				6058A5B42B85301200D8A2BE /* Preview Assets.xcassets in Resources */,
				6058A5B02B85301200D8A2BE /* Assets.xcassets in Resources */,
			);
			runOnlyForDeploymentPostprocessing = 0;
		};
		60C37F4E2B9CCB7B0060B7C7 /* Resources */ = {
			isa = PBXResourcesBuildPhase;
			buildActionMask = 2147483647;
			files = (
				60C37F612B9CCD000060B7C7 /* coin.png in Resources */,
				60C37F582B9CCB7B0060B7C7 /* Base in Resources */,
			);
			runOnlyForDeploymentPostprocessing = 0;
		};
		60C37F642B9CD9B30060B7C7 /* Resources */ = {
			isa = PBXResourcesBuildPhase;
			buildActionMask = 2147483647;
			files = (
			);
			runOnlyForDeploymentPostprocessing = 0;
		};
/* End PBXResourcesBuildPhase section */

/* Begin PBXSourcesBuildPhase section */
		6058A5A42B85301100D8A2BE /* Sources */ = {
			isa = PBXSourcesBuildPhase;
			buildActionMask = 2147483647;
			files = (
				6058A5BF2B85365000D8A2BE /* AppDelegate.swift in Sources */,
				6058A5C12B85367200D8A2BE /* RootViewModel.swift in Sources */,
				6058A5AC2B85301100D8A2BE /* Push_Notifications_DemoApp.swift in Sources */,
				6058A5C32B8537FC00D8A2BE /* RootView.swift in Sources */,
			);
			runOnlyForDeploymentPostprocessing = 0;
		};
		60C37F4C2B9CCB7B0060B7C7 /* Sources */ = {
			isa = PBXSourcesBuildPhase;
			buildActionMask = 2147483647;
			files = (
				60C37F552B9CCB7B0060B7C7 /* NotificationViewController.swift in Sources */,
			);
			runOnlyForDeploymentPostprocessing = 0;
		};
		60C37F622B9CD9B30060B7C7 /* Sources */ = {
			isa = PBXSourcesBuildPhase;
			buildActionMask = 2147483647;
			files = (
				60C37F692B9CD9B30060B7C7 /* NotificationService.swift in Sources */,
			);
			runOnlyForDeploymentPostprocessing = 0;
		};
/* End PBXSourcesBuildPhase section */

/* Begin PBXTargetDependency section */
		60C37F5B2B9CCB7B0060B7C7 /* PBXTargetDependency */ = {
			isa = PBXTargetDependency;
			target = 60C37F4F2B9CCB7B0060B7C7 /* NotificationContentExtension */;
			targetProxy = 60C37F5A2B9CCB7B0060B7C7 /* PBXContainerItemProxy */;
		};
		60C37F6C2B9CD9B30060B7C7 /* PBXTargetDependency */ = {
			isa = PBXTargetDependency;
			target = 60C37F652B9CD9B30060B7C7 /* NotificationServiceExtension */;
			targetProxy = 60C37F6B2B9CD9B30060B7C7 /* PBXContainerItemProxy */;
		};
/* End PBXTargetDependency section */

/* Begin PBXVariantGroup section */
		60C37F562B9CCB7B0060B7C7 /* MainInterface.storyboard */ = {
			isa = PBXVariantGroup;
			children = (
				60C37F572B9CCB7B0060B7C7 /* Base */,
			);
			name = MainInterface.storyboard;
			sourceTree = "<group>";
		};
/* End PBXVariantGroup section */

/* Begin XCBuildConfiguration section */
		6058A5B52B85301200D8A2BE /* Debug */ = {
			isa = XCBuildConfiguration;
			buildSettings = {
				ALWAYS_SEARCH_USER_PATHS = NO;
				ASSETCATALOG_COMPILER_GENERATE_SWIFT_ASSET_SYMBOL_EXTENSIONS = YES;
				CLANG_ANALYZER_NONNULL = YES;
				CLANG_ANALYZER_NUMBER_OBJECT_CONVERSION = YES_AGGRESSIVE;
				CLANG_CXX_LANGUAGE_STANDARD = "gnu++20";
				CLANG_ENABLE_MODULES = YES;
				CLANG_ENABLE_OBJC_ARC = YES;
				CLANG_ENABLE_OBJC_WEAK = YES;
				CLANG_WARN_BLOCK_CAPTURE_AUTORELEASING = YES;
				CLANG_WARN_BOOL_CONVERSION = YES;
				CLANG_WARN_COMMA = YES;
				CLANG_WARN_CONSTANT_CONVERSION = YES;
				CLANG_WARN_DEPRECATED_OBJC_IMPLEMENTATIONS = YES;
				CLANG_WARN_DIRECT_OBJC_ISA_USAGE = YES_ERROR;
				CLANG_WARN_DOCUMENTATION_COMMENTS = YES;
				CLANG_WARN_EMPTY_BODY = YES;
				CLANG_WARN_ENUM_CONVERSION = YES;
				CLANG_WARN_INFINITE_RECURSION = YES;
				CLANG_WARN_INT_CONVERSION = YES;
				CLANG_WARN_NON_LITERAL_NULL_CONVERSION = YES;
				CLANG_WARN_OBJC_IMPLICIT_RETAIN_SELF = YES;
				CLANG_WARN_OBJC_LITERAL_CONVERSION = YES;
				CLANG_WARN_OBJC_ROOT_CLASS = YES_ERROR;
				CLANG_WARN_QUOTED_INCLUDE_IN_FRAMEWORK_HEADER = YES;
				CLANG_WARN_RANGE_LOOP_ANALYSIS = YES;
				CLANG_WARN_STRICT_PROTOTYPES = YES;
				CLANG_WARN_SUSPICIOUS_MOVE = YES;
				CLANG_WARN_UNGUARDED_AVAILABILITY = YES_AGGRESSIVE;
				CLANG_WARN_UNREACHABLE_CODE = YES;
				CLANG_WARN__DUPLICATE_METHOD_MATCH = YES;
				COPY_PHASE_STRIP = NO;
				DEBUG_INFORMATION_FORMAT = dwarf;
				ENABLE_STRICT_OBJC_MSGSEND = YES;
				ENABLE_TESTABILITY = YES;
				ENABLE_USER_SCRIPT_SANDBOXING = YES;
				GCC_C_LANGUAGE_STANDARD = gnu17;
				GCC_DYNAMIC_NO_PIC = NO;
				GCC_NO_COMMON_BLOCKS = YES;
				GCC_OPTIMIZATION_LEVEL = 0;
				GCC_PREPROCESSOR_DEFINITIONS = (
					"DEBUG=1",
					"$(inherited)",
				);
				GCC_WARN_64_TO_32_BIT_CONVERSION = YES;
				GCC_WARN_ABOUT_RETURN_TYPE = YES_ERROR;
				GCC_WARN_UNDECLARED_SELECTOR = YES;
				GCC_WARN_UNINITIALIZED_AUTOS = YES_AGGRESSIVE;
				GCC_WARN_UNUSED_FUNCTION = YES;
				GCC_WARN_UNUSED_VARIABLE = YES;
				LOCALIZATION_PREFERS_STRING_CATALOGS = YES;
				MTL_ENABLE_DEBUG_INFO = INCLUDE_SOURCE;
				MTL_FAST_MATH = YES;
				ONLY_ACTIVE_ARCH = YES;
				SWIFT_ACTIVE_COMPILATION_CONDITIONS = "DEBUG $(inherited)";
				SWIFT_OPTIMIZATION_LEVEL = "-Onone";
			};
			name = Debug;
		};
		6058A5B62B85301200D8A2BE /* Release */ = {
			isa = XCBuildConfiguration;
			buildSettings = {
				ALWAYS_SEARCH_USER_PATHS = NO;
				ASSETCATALOG_COMPILER_GENERATE_SWIFT_ASSET_SYMBOL_EXTENSIONS = YES;
				CLANG_ANALYZER_NONNULL = YES;
				CLANG_ANALYZER_NUMBER_OBJECT_CONVERSION = YES_AGGRESSIVE;
				CLANG_CXX_LANGUAGE_STANDARD = "gnu++20";
				CLANG_ENABLE_MODULES = YES;
				CLANG_ENABLE_OBJC_ARC = YES;
				CLANG_ENABLE_OBJC_WEAK = YES;
				CLANG_WARN_BLOCK_CAPTURE_AUTORELEASING = YES;
				CLANG_WARN_BOOL_CONVERSION = YES;
				CLANG_WARN_COMMA = YES;
				CLANG_WARN_CONSTANT_CONVERSION = YES;
				CLANG_WARN_DEPRECATED_OBJC_IMPLEMENTATIONS = YES;
				CLANG_WARN_DIRECT_OBJC_ISA_USAGE = YES_ERROR;
				CLANG_WARN_DOCUMENTATION_COMMENTS = YES;
				CLANG_WARN_EMPTY_BODY = YES;
				CLANG_WARN_ENUM_CONVERSION = YES;
				CLANG_WARN_INFINITE_RECURSION = YES;
				CLANG_WARN_INT_CONVERSION = YES;
				CLANG_WARN_NON_LITERAL_NULL_CONVERSION = YES;
				CLANG_WARN_OBJC_IMPLICIT_RETAIN_SELF = YES;
				CLANG_WARN_OBJC_LITERAL_CONVERSION = YES;
				CLANG_WARN_OBJC_ROOT_CLASS = YES_ERROR;
				CLANG_WARN_QUOTED_INCLUDE_IN_FRAMEWORK_HEADER = YES;
				CLANG_WARN_RANGE_LOOP_ANALYSIS = YES;
				CLANG_WARN_STRICT_PROTOTYPES = YES;
				CLANG_WARN_SUSPICIOUS_MOVE = YES;
				CLANG_WARN_UNGUARDED_AVAILABILITY = YES_AGGRESSIVE;
				CLANG_WARN_UNREACHABLE_CODE = YES;
				CLANG_WARN__DUPLICATE_METHOD_MATCH = YES;
				COPY_PHASE_STRIP = NO;
				DEBUG_INFORMATION_FORMAT = "dwarf-with-dsym";
				ENABLE_NS_ASSERTIONS = NO;
				ENABLE_STRICT_OBJC_MSGSEND = YES;
				ENABLE_USER_SCRIPT_SANDBOXING = YES;
				GCC_C_LANGUAGE_STANDARD = gnu17;
				GCC_NO_COMMON_BLOCKS = YES;
				GCC_WARN_64_TO_32_BIT_CONVERSION = YES;
				GCC_WARN_ABOUT_RETURN_TYPE = YES_ERROR;
				GCC_WARN_UNDECLARED_SELECTOR = YES;
				GCC_WARN_UNINITIALIZED_AUTOS = YES_AGGRESSIVE;
				GCC_WARN_UNUSED_FUNCTION = YES;
				GCC_WARN_UNUSED_VARIABLE = YES;
				LOCALIZATION_PREFERS_STRING_CATALOGS = YES;
				MTL_ENABLE_DEBUG_INFO = NO;
				MTL_FAST_MATH = YES;
				SWIFT_COMPILATION_MODE = wholemodule;
			};
			name = Release;
		};
		6058A5B82B85301200D8A2BE /* Debug */ = {
			isa = XCBuildConfiguration;
			buildSettings = {
				ALWAYS_EMBED_SWIFT_STANDARD_LIBRARIES = YES;
				ASSETCATALOG_COMPILER_APPICON_NAME = AppIcon;
				ASSETCATALOG_COMPILER_GLOBAL_ACCENT_COLOR_NAME = AccentColor;
				CODE_SIGN_ENTITLEMENTS = "Push Notifications Demo/Push_Notifications_Demo.entitlements";
				CODE_SIGN_STYLE = Manual;
				CURRENT_PROJECT_VERSION = 1;
				DEVELOPMENT_ASSET_PATHS = "\"Push Notifications Demo/Preview Content\"";
				DEVELOPMENT_TEAM = "";
				"DEVELOPMENT_TEAM[sdk=iphoneos*]" = 2TYL4297NU;
				ENABLE_HARDENED_RUNTIME = NO;
				ENABLE_PREVIEWS = YES;
				GENERATE_INFOPLIST_FILE = YES;
				INFOPLIST_FILE = "Push-Notifications-Demo-Info.plist";
				INFOPLIST_KEY_LSApplicationCategoryType = "public.app-category.developer-tools";
				"INFOPLIST_KEY_UIApplicationSceneManifest_Generation[sdk=iphoneos*]" = YES;
				"INFOPLIST_KEY_UIApplicationSceneManifest_Generation[sdk=iphonesimulator*]" = YES;
				"INFOPLIST_KEY_UIApplicationSupportsIndirectInputEvents[sdk=iphoneos*]" = YES;
				"INFOPLIST_KEY_UIApplicationSupportsIndirectInputEvents[sdk=iphonesimulator*]" = YES;
				"INFOPLIST_KEY_UILaunchScreen_Generation[sdk=iphoneos*]" = YES;
				"INFOPLIST_KEY_UILaunchScreen_Generation[sdk=iphonesimulator*]" = YES;
				"INFOPLIST_KEY_UIStatusBarStyle[sdk=iphoneos*]" = UIStatusBarStyleDefault;
				"INFOPLIST_KEY_UIStatusBarStyle[sdk=iphonesimulator*]" = UIStatusBarStyleDefault;
				INFOPLIST_KEY_UISupportedInterfaceOrientations_iPad = "UIInterfaceOrientationPortrait UIInterfaceOrientationPortraitUpsideDown UIInterfaceOrientationLandscapeLeft UIInterfaceOrientationLandscapeRight";
				INFOPLIST_KEY_UISupportedInterfaceOrientations_iPhone = "UIInterfaceOrientationPortrait UIInterfaceOrientationLandscapeLeft UIInterfaceOrientationLandscapeRight";
				IPHONEOS_DEPLOYMENT_TARGET = 17.2;
				LD_RUNPATH_SEARCH_PATHS = "@executable_path/Frameworks";
				"LD_RUNPATH_SEARCH_PATHS[sdk=macosx*]" = "@executable_path/../Frameworks";
				MACOSX_DEPLOYMENT_TARGET = 14.2;
				MARKETING_VERSION = 1.0;
				PRODUCT_BUNDLE_IDENTIFIER = "me.dmi3j.push-notification-demo";
				PRODUCT_NAME = "$(TARGET_NAME)";
				PROVISIONING_PROFILE_SPECIFIER = "";
				"PROVISIONING_PROFILE_SPECIFIER[sdk=iphoneos*]" = "Push Notifications Demo Dev";
				SDKROOT = auto;
				SUPPORTED_PLATFORMS = "iphoneos iphonesimulator";
				SUPPORTS_MACCATALYST = NO;
				SWIFT_EMIT_LOC_STRINGS = YES;
				SWIFT_VERSION = 5.0;
				TARGETED_DEVICE_FAMILY = 1;
			};
			name = Debug;
		};
		6058A5B92B85301200D8A2BE /* Release */ = {
			isa = XCBuildConfiguration;
			buildSettings = {
				ALWAYS_EMBED_SWIFT_STANDARD_LIBRARIES = YES;
				ASSETCATALOG_COMPILER_APPICON_NAME = AppIcon;
				ASSETCATALOG_COMPILER_GLOBAL_ACCENT_COLOR_NAME = AccentColor;
				CODE_SIGN_ENTITLEMENTS = "Push Notifications Demo/Push_Notifications_Demo.entitlements";
				CODE_SIGN_STYLE = Manual;
				CURRENT_PROJECT_VERSION = 1;
				DEVELOPMENT_ASSET_PATHS = "\"Push Notifications Demo/Preview Content\"";
				DEVELOPMENT_TEAM = "";
				"DEVELOPMENT_TEAM[sdk=iphoneos*]" = 2TYL4297NU;
				ENABLE_HARDENED_RUNTIME = NO;
				ENABLE_PREVIEWS = YES;
				GENERATE_INFOPLIST_FILE = YES;
				INFOPLIST_FILE = "Push-Notifications-Demo-Info.plist";
				INFOPLIST_KEY_LSApplicationCategoryType = "public.app-category.developer-tools";
				"INFOPLIST_KEY_UIApplicationSceneManifest_Generation[sdk=iphoneos*]" = YES;
				"INFOPLIST_KEY_UIApplicationSceneManifest_Generation[sdk=iphonesimulator*]" = YES;
				"INFOPLIST_KEY_UIApplicationSupportsIndirectInputEvents[sdk=iphoneos*]" = YES;
				"INFOPLIST_KEY_UIApplicationSupportsIndirectInputEvents[sdk=iphonesimulator*]" = YES;
				"INFOPLIST_KEY_UILaunchScreen_Generation[sdk=iphoneos*]" = YES;
				"INFOPLIST_KEY_UILaunchScreen_Generation[sdk=iphonesimulator*]" = YES;
				"INFOPLIST_KEY_UIStatusBarStyle[sdk=iphoneos*]" = UIStatusBarStyleDefault;
				"INFOPLIST_KEY_UIStatusBarStyle[sdk=iphonesimulator*]" = UIStatusBarStyleDefault;
				INFOPLIST_KEY_UISupportedInterfaceOrientations_iPad = "UIInterfaceOrientationPortrait UIInterfaceOrientationPortraitUpsideDown UIInterfaceOrientationLandscapeLeft UIInterfaceOrientationLandscapeRight";
				INFOPLIST_KEY_UISupportedInterfaceOrientations_iPhone = "UIInterfaceOrientationPortrait UIInterfaceOrientationLandscapeLeft UIInterfaceOrientationLandscapeRight";
				IPHONEOS_DEPLOYMENT_TARGET = 17.2;
				LD_RUNPATH_SEARCH_PATHS = "@executable_path/Frameworks";
				"LD_RUNPATH_SEARCH_PATHS[sdk=macosx*]" = "@executable_path/../Frameworks";
				MACOSX_DEPLOYMENT_TARGET = 14.2;
				MARKETING_VERSION = 1.0;
				PRODUCT_BUNDLE_IDENTIFIER = "me.dmi3j.push-notification-demo";
				PRODUCT_NAME = "$(TARGET_NAME)";
				PROVISIONING_PROFILE_SPECIFIER = "";
				"PROVISIONING_PROFILE_SPECIFIER[sdk=iphoneos*]" = "Push Notifications Demo Dev";
				SDKROOT = auto;
				SUPPORTED_PLATFORMS = "iphoneos iphonesimulator";
				SUPPORTS_MACCATALYST = NO;
				SWIFT_EMIT_LOC_STRINGS = YES;
				SWIFT_VERSION = 5.0;
				TARGETED_DEVICE_FAMILY = 1;
			};
			name = Release;
		};
		60C37F5E2B9CCB7B0060B7C7 /* Debug */ = {
			isa = XCBuildConfiguration;
			buildSettings = {
				"CODE_SIGN_IDENTITY[sdk=iphoneos*]" = "iPhone Developer";
				CODE_SIGN_STYLE = Manual;
				CURRENT_PROJECT_VERSION = 1;
				DEVELOPMENT_TEAM = "";
				"DEVELOPMENT_TEAM[sdk=iphoneos*]" = 2TYL4297NU;
				GENERATE_INFOPLIST_FILE = YES;
				INFOPLIST_FILE = NotificationContentExtension/Info.plist;
				INFOPLIST_KEY_CFBundleDisplayName = NotificationContentExtension;
				INFOPLIST_KEY_NSHumanReadableCopyright = "Copyright © 2024 Dmitrijs Beloborodovs. All rights reserved.";
				IPHONEOS_DEPLOYMENT_TARGET = 17.4;
				LD_RUNPATH_SEARCH_PATHS = (
					"$(inherited)",
					"@executable_path/Frameworks",
					"@executable_path/../../Frameworks",
				);
				MARKETING_VERSION = 1.0;
				PRODUCT_BUNDLE_IDENTIFIER = "me.dmi3j.push-notification-demo.NotificationContentExtension";
				PRODUCT_NAME = "$(TARGET_NAME)";
				PROVISIONING_PROFILE_SPECIFIER = "";
				"PROVISIONING_PROFILE_SPECIFIER[sdk=iphoneos*]" = "Demo Notification Content Extension Dev";
				SDKROOT = iphoneos;
				SKIP_INSTALL = YES;
				SWIFT_EMIT_LOC_STRINGS = YES;
				SWIFT_VERSION = 5.0;
				TARGETED_DEVICE_FAMILY = "1,2";
			};
			name = Debug;
		};
		60C37F5F2B9CCB7B0060B7C7 /* Release */ = {
			isa = XCBuildConfiguration;
			buildSettings = {
				"CODE_SIGN_IDENTITY[sdk=iphoneos*]" = "iPhone Developer";
				CODE_SIGN_STYLE = Manual;
				CURRENT_PROJECT_VERSION = 1;
				DEVELOPMENT_TEAM = "";
				"DEVELOPMENT_TEAM[sdk=iphoneos*]" = 2TYL4297NU;
				GENERATE_INFOPLIST_FILE = YES;
				INFOPLIST_FILE = NotificationContentExtension/Info.plist;
				INFOPLIST_KEY_CFBundleDisplayName = NotificationContentExtension;
				INFOPLIST_KEY_NSHumanReadableCopyright = "Copyright © 2024 Dmitrijs Beloborodovs. All rights reserved.";
				IPHONEOS_DEPLOYMENT_TARGET = 17.4;
				LD_RUNPATH_SEARCH_PATHS = (
					"$(inherited)",
					"@executable_path/Frameworks",
					"@executable_path/../../Frameworks",
				);
				MARKETING_VERSION = 1.0;
				PRODUCT_BUNDLE_IDENTIFIER = "me.dmi3j.push-notification-demo.NotificationContentExtension";
				PRODUCT_NAME = "$(TARGET_NAME)";
				PROVISIONING_PROFILE_SPECIFIER = "";
				"PROVISIONING_PROFILE_SPECIFIER[sdk=iphoneos*]" = "Demo Notification Content Extension Dev";
				SDKROOT = iphoneos;
				SKIP_INSTALL = YES;
				SWIFT_EMIT_LOC_STRINGS = YES;
				SWIFT_VERSION = 5.0;
				TARGETED_DEVICE_FAMILY = "1,2";
				VALIDATE_PRODUCT = YES;
			};
			name = Release;
		};
		60C37F6F2B9CD9B30060B7C7 /* Debug */ = {
			isa = XCBuildConfiguration;
			buildSettings = {
				"CODE_SIGN_IDENTITY[sdk=iphoneos*]" = "iPhone Developer";
				CODE_SIGN_STYLE = Manual;
				CURRENT_PROJECT_VERSION = 1;
				DEVELOPMENT_TEAM = "";
				"DEVELOPMENT_TEAM[sdk=iphoneos*]" = 2TYL4297NU;
				GENERATE_INFOPLIST_FILE = YES;
				INFOPLIST_FILE = NotificationServiceExtension/Info.plist;
				INFOPLIST_KEY_CFBundleDisplayName = NotificationServiceExtension;
				INFOPLIST_KEY_NSHumanReadableCopyright = "Copyright © 2024 Dmitrijs Beloborodovs. All rights reserved.";
				IPHONEOS_DEPLOYMENT_TARGET = 17.4;
				LD_RUNPATH_SEARCH_PATHS = (
					"$(inherited)",
					"@executable_path/Frameworks",
					"@executable_path/../../Frameworks",
				);
				MARKETING_VERSION = 1.0;
				PRODUCT_BUNDLE_IDENTIFIER = "me.dmi3j.push-notification-demo.NotificationServiceExtension";
				PRODUCT_NAME = "$(TARGET_NAME)";
				PROVISIONING_PROFILE_SPECIFIER = "";
				"PROVISIONING_PROFILE_SPECIFIER[sdk=iphoneos*]" = "Notification Service Extension Dev";
				SDKROOT = iphoneos;
				SKIP_INSTALL = YES;
				SWIFT_EMIT_LOC_STRINGS = YES;
				SWIFT_VERSION = 5.0;
				TARGETED_DEVICE_FAMILY = "1,2";
			};
			name = Debug;
		};
		60C37F702B9CD9B30060B7C7 /* Release */ = {
			isa = XCBuildConfiguration;
			buildSettings = {
				"CODE_SIGN_IDENTITY[sdk=iphoneos*]" = "iPhone Developer";
				CODE_SIGN_STYLE = Manual;
				CURRENT_PROJECT_VERSION = 1;
				DEVELOPMENT_TEAM = "";
				"DEVELOPMENT_TEAM[sdk=iphoneos*]" = 2TYL4297NU;
				GENERATE_INFOPLIST_FILE = YES;
				INFOPLIST_FILE = NotificationServiceExtension/Info.plist;
				INFOPLIST_KEY_CFBundleDisplayName = NotificationServiceExtension;
				INFOPLIST_KEY_NSHumanReadableCopyright = "Copyright © 2024 Dmitrijs Beloborodovs. All rights reserved.";
				IPHONEOS_DEPLOYMENT_TARGET = 17.4;
				LD_RUNPATH_SEARCH_PATHS = (
					"$(inherited)",
					"@executable_path/Frameworks",
					"@executable_path/../../Frameworks",
				);
				MARKETING_VERSION = 1.0;
				PRODUCT_BUNDLE_IDENTIFIER = "me.dmi3j.push-notification-demo.NotificationServiceExtension";
				PRODUCT_NAME = "$(TARGET_NAME)";
				PROVISIONING_PROFILE_SPECIFIER = "";
				"PROVISIONING_PROFILE_SPECIFIER[sdk=iphoneos*]" = "Notification Service Extension Dev";
				SDKROOT = iphoneos;
				SKIP_INSTALL = YES;
				SWIFT_EMIT_LOC_STRINGS = YES;
				SWIFT_VERSION = 5.0;
				TARGETED_DEVICE_FAMILY = "1,2";
				VALIDATE_PRODUCT = YES;
			};
			name = Release;
		};
/* End XCBuildConfiguration section */

/* Begin XCConfigurationList section */
		6058A5A32B85301100D8A2BE /* Build configuration list for PBXProject "Push Notifications Demo" */ = {
			isa = XCConfigurationList;
			buildConfigurations = (
				6058A5B52B85301200D8A2BE /* Debug */,
				6058A5B62B85301200D8A2BE /* Release */,
			);
			defaultConfigurationIsVisible = 0;
			defaultConfigurationName = Release;
		};
		6058A5B72B85301200D8A2BE /* Build configuration list for PBXNativeTarget "Push Notifications Demo" */ = {
			isa = XCConfigurationList;
			buildConfigurations = (
				6058A5B82B85301200D8A2BE /* Debug */,
				6058A5B92B85301200D8A2BE /* Release */,
			);
			defaultConfigurationIsVisible = 0;
			defaultConfigurationName = Release;
		};
		60C37F5D2B9CCB7B0060B7C7 /* Build configuration list for PBXNativeTarget "NotificationContentExtension" */ = {
			isa = XCConfigurationList;
			buildConfigurations = (
				60C37F5E2B9CCB7B0060B7C7 /* Debug */,
				60C37F5F2B9CCB7B0060B7C7 /* Release */,
			);
			defaultConfigurationIsVisible = 0;
			defaultConfigurationName = Release;
		};
		60C37F6E2B9CD9B30060B7C7 /* Build configuration list for PBXNativeTarget "NotificationServiceExtension" */ = {
			isa = XCConfigurationList;
			buildConfigurations = (
				60C37F6F2B9CD9B30060B7C7 /* Debug */,
				60C37F702B9CD9B30060B7C7 /* Release */,
			);
			defaultConfigurationIsVisible = 0;
			defaultConfigurationName = Release;
		};
/* End XCConfigurationList section */

/* Begin XCRemoteSwiftPackageReference section */
		60A53A262B9DBF3E00E07AD9 /* XCRemoteSwiftPackageReference "firebase-ios-sdk" */ = {
			isa = XCRemoteSwiftPackageReference;
			repositoryURL = "https://github.com/firebase/firebase-ios-sdk.git";
			requirement = {
				kind = upToNextMajorVersion;
				minimumVersion = 10.22.1;
			};
		};
/* End XCRemoteSwiftPackageReference section */

/* Begin XCSwiftPackageProductDependency section */
		60A53A272B9DBF3E00E07AD9 /* FirebaseMessaging */ = {
			isa = XCSwiftPackageProductDependency;
			package = 60A53A262B9DBF3E00E07AD9 /* XCRemoteSwiftPackageReference "firebase-ios-sdk" */;
			productName = FirebaseMessaging;
		};
/* End XCSwiftPackageProductDependency section */
	};
	rootObject = 6058A5A02B85301100D8A2BE /* Project object */;
}
